
Microsoft Visual Studio Solution File, Format Version 12.00
# Visual Studio Version 17
VisualStudioVersion = 17.7.34031.279
MinimumVisualStudioVersion = 10.0.40219.1
Project("{FAE04EC0-301F-11D3-BF4B-00C04F79EFBC}") = "ExerciseDesign", "ExerciseDesign\ExerciseDesign.csproj", "{DAE23F45-5C91-437D-9655-14A9CED6568A}"
EndProject
Global
	GlobalSection(SolutionConfigurationPlatforms) = preSolution
		Debug|Any CPU = Debug|Any CPU
		Release|Any CPU = Release|Any CPU
	EndGlobalSection
	GlobalSection(ProjectConfigurationPlatforms) = postSolution
		{DAE23F45-5C91-437D-9655-14A9CED6568A}.Debug|Any CPU.ActiveCfg = Debug|Any CPU
		{DAE23F45-5C91-437D-9655-14A9CED6568A}.Debug|Any CPU.Build.0 = Debug|Any CPU
		{DAE23F45-5C91-437D-9655-14A9CED6568A}.Release|Any CPU.ActiveCfg = Release|Any CPU
		{DAE23F45-5C91-437D-9655-14A9CED6568A}.Release|Any CPU.Build.0 = Release|Any CPU
	EndGlobalSection
	GlobalSection(SolutionProperties) = preSolution
		HideSolutionNode = FALSE
	EndGlobalSection
	GlobalSection(ExtensibilityGlobals) = postSolution
		SolutionGuid = {C25ECFDF-CD3C-422A-9ADB-63B03485CF18}
	EndGlobalSection
EndGlobal
